
Microsoft Visual Studio Solution File, Format Version 12.00
# Visual Studio 15
VisualStudioVersion = 15.0.35431.46
MinimumVisualStudioVersion = 10.0.40219.1
Project("{FAE04EC0-301F-11D3-BF4B-00C04F79EFBC}") = "BIBLIOTEKA_TESTOWANIE", "BIBLIOTEKA_TESTOWANIE\BIBLIOTEKA_TESTOWANIE.csproj", "{5BA04785-78EA-4DEF-AC99-856904CBD858}"
EndProject
Global
	GlobalSection(SolutionConfigurationPlatforms) = preSolution
		Debug|Any CPU = Debug|Any CPU
		Release|Any CPU = Release|Any CPU
	EndGlobalSection
	GlobalSection(ProjectConfigurationPlatforms) = postSolution
		{5BA04785-78EA-4DEF-AC99-856904CBD858}.Debug|Any CPU.ActiveCfg = Debug|Any CPU
		{5BA04785-78EA-4DEF-AC99-856904CBD858}.Debug|Any CPU.Build.0 = Debug|Any CPU
		{5BA04785-78EA-4DEF-AC99-856904CBD858}.Release|Any CPU.ActiveCfg = Release|Any CPU
		{5BA04785-78EA-4DEF-AC99-856904CBD858}.Release|Any CPU.Build.0 = Release|Any CPU
	EndGlobalSection
	GlobalSection(SolutionProperties) = preSolution
		HideSolutionNode = FALSE
	EndGlobalSection
	GlobalSection(ExtensibilityGlobals) = postSolution
		SolutionGuid = {285BAD1D-279B-4539-A345-B4A2DCE0032D}
	EndGlobalSection
EndGlobal
